<?xml version="1.0" encoding="utf-8"?>
<Project ToolsVersion="4.0" xmlns="http://schemas.microsoft.com/developer/msbuild/2003">
  <ItemGroup>
    <Filter Include="script">
      <UniqueIdentifier>{a15173f4-3823-4295-bb77-2ad20edc2fdc}</UniqueIdentifier>
    </Filter>
    <Filter Include="utility">
      <UniqueIdentifier>{99c7db57-27b2-4a43-a2c2-a17c398af0e4}</UniqueIdentifier>
    </Filter>
    <Filter Include="nodes">
      <UniqueIdentifier>{fd271f54-25a3-4500-a563-32e00b7efc1a}</UniqueIdentifier>
    </Filter>
    <Filter Include="nodes\model">
      <UniqueIdentifier>{f11e8d03-98f0-4a0c-b7ad-c2322b66745f}</UniqueIdentifier>
    </Filter>
    <Filter Include="nodes\const">
      <UniqueIdentifier>{054ef821-0b68-4217-a6a6-c3b5c5439490}</UniqueIdentifier>
    </Filter>
    <Filter Include="nodes\calc">
      <UniqueIdentifier>{2416c320-06f1-4f0e-b4b3-322a1826c557}</UniqueIdentifier>
    </Filter>
    <Filter Include="nodes\texture">
      <UniqueIdentifier>{b3d97966-d447-46c6-a04b-14772a35baa9}</UniqueIdentifier>
    </Filter>
    <Filter Include="view">
      <UniqueIdentifier>{9519954e-3cff-4973-a1e7-02f18fde0c70}</UniqueIdentifier>
    </Filter>
  </ItemGroup>
  <ItemGroup>
    <ClInclude Include="..\..\..\include\shadergraph\NodeFactory.h">
      <Filter>nodes</Filter>
    </ClInclude>
    <ClInclude Include="..\..\..\include\shadergraph\PhongModel.h">
      <Filter>nodes\model</Filter>
    </ClInclude>
    <ClInclude Include="..\..\..\include\shadergraph\Constant2.h">
      <Filter>nodes\const</Filter>
    </ClInclude>
    <ClInclude Include="..\..\..\include\shadergraph\Constant1.h">
      <Filter>nodes\const</Filter>
    </ClInclude>
    <ClInclude Include="..\..\..\include\shadergraph\Constant3.h">
      <Filter>nodes\const</Filter>
    </ClInclude>
    <ClInclude Include="..\..\..\include\shadergraph\Constant4.h">
      <Filter>nodes\const</Filter>
    </ClInclude>
    <ClInclude Include="..\..\..\include\shadergraph\Add.h">
      <Filter>nodes\calc</Filter>
    </ClInclude>
    <ClInclude Include="..\..\..\include\shadergraph\Subtract.h">
      <Filter>nodes\calc</Filter>
    </ClInclude>
    <ClInclude Include="..\..\..\include\shadergraph\Multiply.h">
      <Filter>nodes\calc</Filter>
    </ClInclude>
    <ClInclude Include="..\..\..\include\shadergraph\Divide.h">
      <Filter>nodes\calc</Filter>
    </ClInclude>
    <ClInclude Include="..\..\..\include\shadergraph\Node.h">
      <Filter>nodes</Filter>
    </ClInclude>
    <ClInclude Include="..\..\..\include\shadergraph\Utility.h">
      <Filter>utility</Filter>
    </ClInclude>
    <ClInclude Include="..\..\..\include\shadergraph\TextureSample.h">
      <Filter>nodes\texture</Filter>
    </ClInclude>
    <ClInclude Include="..\..\..\include\shadergraph\TextureObject.h">
      <Filter>nodes\texture</Filter>
    </ClInclude>
    <ClInclude Include="..\..\..\include\shadergraph\WxNodeProperty.h">
      <Filter>view</Filter>
    </ClInclude>
    <ClInclude Include="..\..\..\include\shadergraph\NodeBuilder.h">
      <Filter>utility</Filter>
    </ClInclude>
  </ItemGroup>
  <ItemGroup>
    <ClCompile Include="..\..\..\source\NodeFactory.cpp">
      <Filter>nodes</Filter>
    </ClCompile>
    <ClCompile Include="..\..\..\source\PhongModel.cpp">
      <Filter>nodes\model</Filter>
    </ClCompile>
    <ClCompile Include="..\..\..\source\Constant2.cpp">
      <Filter>nodes\const</Filter>
    </ClCompile>
    <ClCompile Include="..\..\..\source\Constant1.cpp">
      <Filter>nodes\const</Filter>
    </ClCompile>
    <ClCompile Include="..\..\..\source\Constant3.cpp">
      <Filter>nodes\const</Filter>
    </ClCompile>
    <ClCompile Include="..\..\..\source\Constant4.cpp">
      <Filter>nodes\const</Filter>
    </ClCompile>
    <ClCompile Include="..\..\..\source\Add.cpp">
      <Filter>nodes\calc</Filter>
    </ClCompile>
    <ClCompile Include="..\..\..\source\Subtract.cpp">
      <Filter>nodes\calc</Filter>
    </ClCompile>
    <ClCompile Include="..\..\..\source\Multiply.cpp">
      <Filter>nodes\calc</Filter>
    </ClCompile>
    <ClCompile Include="..\..\..\source\Divide.cpp">
      <Filter>nodes\calc</Filter>
    </ClCompile>
    <ClCompile Include="..\..\..\source\Utility.cpp">
      <Filter>utility</Filter>
    </ClCompile>
    <ClCompile Include="..\..\..\source\TextureSample.cpp">
      <Filter>nodes\texture</Filter>
    </ClCompile>
    <ClCompile Include="..\..\..\source\TextureObject.cpp">
      <Filter>nodes\texture</Filter>
    </ClCompile>
    <ClCompile Include="..\..\..\source\WxNodeProperty.cpp">
      <Filter>view</Filter>
    </ClCompile>
    <ClCompile Include="..\..\..\source\NodeBuilder.cpp">
      <Filter>utility</Filter>
    </ClCompile>
    <ClCompile Include="..\..\..\source\wrap_ShaderGraph.cpp">
      <Filter>script</Filter>
    </ClCompile>
  </ItemGroup>
</Project>