<?xml version="1.0" encoding="utf-8"?>
<Project ToolsVersion="4.0" xmlns="http://schemas.microsoft.com/developer/msbuild/2003">
  <ItemGroup>
    <Filter Include="script">
      <UniqueIdentifier>{a15173f4-3823-4295-bb77-2ad20edc2fdc}</UniqueIdentifier>
    </Filter>
    <Filter Include="view">
      <UniqueIdentifier>{9519954e-3cff-4973-a1e7-02f18fde0c70}</UniqueIdentifier>
    </Filter>
    <Filter Include="dataset">
      <UniqueIdentifier>{780c40d4-62a2-4334-8df5-ea3e1628b8da}</UniqueIdentifier>
    </Filter>
    <Filter Include="nodes">
      <UniqueIdentifier>{93d0111d-b3b0-46b8-a29f-b28825f016d4}</UniqueIdentifier>
    </Filter>
  </ItemGroup>
  <ItemGroup>
    <ClInclude Include="..\..\..\include\shadergraph\WxNodeProperty.h">
      <Filter>view</Filter>
    </ClInclude>
    <ClInclude Include="..\..\..\include\shadergraph\Pins.h">
      <Filter>dataset</Filter>
    </ClInclude>
    <ClInclude Include="..\..\..\include\shadergraph\ShaderGraph.h" />
    <ClInclude Include="..\..\..\include\shadergraph\NodeBuilder.h">
      <Filter>dataset</Filter>
    </ClInclude>
    <ClInclude Include="..\..\..\include\shadergraph\NodeHelper.h">
      <Filter>dataset</Filter>
    </ClInclude>
    <ClInclude Include="..\..\..\include\shadergraph\ShaderWeaver.h">
      <Filter>dataset</Filter>
    </ClInclude>
    <ClInclude Include="..\..\..\include\shadergraph\Node.h">
      <Filter>dataset</Filter>
    </ClInclude>
    <ClInclude Include="..\..\..\include\shadergraph\NodePreview.h">
      <Filter>dataset</Filter>
    </ClInclude>
    <ClInclude Include="..\..\..\include\shadergraph\ReflectPropTypes.h">
      <Filter>dataset</Filter>
    </ClInclude>
    <ClInclude Include="..\..\..\include\shadergraph\RegistNodes.h">
      <Filter>dataset</Filter>
    </ClInclude>
    <ClInclude Include="..\..\..\include\shadergraph\node\Custom.h">
      <Filter>nodes</Filter>
    </ClInclude>
    <ClInclude Include="..\..\..\include\shadergraph\WxCustomNodePropEditor.h">
      <Filter>view</Filter>
    </ClInclude>
    <ClInclude Include="..\..\..\include\shadergraph\WxCustomNodePropHelper.h">
      <Filter>view</Filter>
    </ClInclude>
  </ItemGroup>
  <ItemGroup>
    <ClCompile Include="..\..\..\source\WxNodeProperty.cpp">
      <Filter>view</Filter>
    </ClCompile>
    <ClCompile Include="..\..\..\source\wrap_ShaderGraph.cpp">
      <Filter>script</Filter>
    </ClCompile>
    <ClCompile Include="..\..\..\source\Pins.cpp">
      <Filter>dataset</Filter>
    </ClCompile>
    <ClCompile Include="..\..\..\source\ShaderGraph.cpp" />
    <ClCompile Include="..\..\..\source\NodeBuilder.cpp">
      <Filter>dataset</Filter>
    </ClCompile>
    <ClCompile Include="..\..\..\source\NodeHelper.cpp">
      <Filter>dataset</Filter>
    </ClCompile>
    <ClCompile Include="..\..\..\source\ShaderWeaver.cpp">
      <Filter>dataset</Filter>
    </ClCompile>
    <ClCompile Include="..\..\..\source\Node.cpp">
      <Filter>dataset</Filter>
    </ClCompile>
    <ClCompile Include="..\..\..\source\NodePreview.cpp">
      <Filter>dataset</Filter>
    </ClCompile>
    <ClCompile Include="..\..\..\source\RegistRTTR.cpp" />
    <ClCompile Include="..\..\..\source\ReflectPropTypes.cpp">
      <Filter>dataset</Filter>
    </ClCompile>
    <ClCompile Include="..\..\..\source\RegistNodes.cpp">
      <Filter>dataset</Filter>
    </ClCompile>
    <ClCompile Include="..\..\..\source\node\Custom.cpp">
      <Filter>nodes</Filter>
    </ClCompile>
    <ClCompile Include="..\..\..\source\WxCustomNodePropEditor.cpp">
      <Filter>view</Filter>
    </ClCompile>
    <ClCompile Include="..\..\..\source\WxCustomNodePropHelper.cpp">
      <Filter>view</Filter>
    </ClCompile>
  </ItemGroup>
</Project>